
Microsoft Visual Studio Solution File, Format Version 12.00
# Visual Studio Version 17
VisualStudioVersion = 17.6.33815.320
MinimumVisualStudioVersion = 10.0.40219.1
Project("{FAE04EC0-301F-11D3-BF4B-00C04F79EFBC}") = "rdlc", "rdlc\rdlc.csproj", "{C3E88ADC-74FD-4BDD-BAFD-C22D2FA21CE2}"
EndProject
Project("{9A19103F-16F7-4668-BE54-9A1E7A4F7556}") = "rdlc.Report", "C:\Users\User-PC\OneDrive\Documents\Received Files\GGCorporateSale.Report\GGCorporateSale.Report\rdlc.Report.csproj", "{5D319F64-269E-4D0F-9B44-0CD202B5F510}"
EndProject
Global
	GlobalSection(SolutionConfigurationPlatforms) = preSolution
		Debug|Any CPU = Debug|Any CPU
		Release|Any CPU = Release|Any CPU
	EndGlobalSection
	GlobalSection(ProjectConfigurationPlatforms) = postSolution
		{C3E88ADC-74FD-4BDD-BAFD-C22D2FA21CE2}.Debug|Any CPU.ActiveCfg = Debug|Any CPU
		{C3E88ADC-74FD-4BDD-BAFD-C22D2FA21CE2}.Debug|Any CPU.Build.0 = Debug|Any CPU
		{C3E88ADC-74FD-4BDD-BAFD-C22D2FA21CE2}.Release|Any CPU.ActiveCfg = Release|Any CPU
		{C3E88ADC-74FD-4BDD-BAFD-C22D2FA21CE2}.Release|Any CPU.Build.0 = Release|Any CPU
		{5D319F64-269E-4D0F-9B44-0CD202B5F510}.Debug|Any CPU.ActiveCfg = Debug|Any CPU
		{5D319F64-269E-4D0F-9B44-0CD202B5F510}.Debug|Any CPU.Build.0 = Debug|Any CPU
		{5D319F64-269E-4D0F-9B44-0CD202B5F510}.Release|Any CPU.ActiveCfg = Release|Any CPU
		{5D319F64-269E-4D0F-9B44-0CD202B5F510}.Release|Any CPU.Build.0 = Release|Any CPU
	EndGlobalSection
	GlobalSection(SolutionProperties) = preSolution
		HideSolutionNode = FALSE
	EndGlobalSection
	GlobalSection(ExtensibilityGlobals) = postSolution
		SolutionGuid = {26641D18-6931-4202-A84D-DEAE7DEFF017}
	EndGlobalSection
EndGlobal
